{
  "name": "tmp",
  "lockfileVersion": 3,
  "requires": true,
  "packages": {
    "": {
      "dependencies": {
        "agent-browser": "^0.29.1"
      }
    },
    "node_modules/agent-browser": {
      "version": "0.29.1",
      "resolved": "https://registry.npmjs.org/agent-browser/-/agent-browser-0.29.1.tgz",
      "integrity": "sha512-699up62tekriClj9gCSmlBMyMGm9T346u7Dwut2yLgRo4/s7TckZXe42dEbgNWwW23K+XQrK9FvEoreFYysGPw==",
      "hasInstallScript": true,
      "bin": {
        "agent-browser": "bin/agent-browser.js"
      },
      "engines": {
        "node": ">=24.0.0",
        "pnpm": ">=11.0.0"
      }
    }
  }
}
